
Microsoft Visual Studio Solution File, Format Version 12.00
# Visual Studio 2013
VisualStudioVersion = 12.0.21005.1
MinimumVisualStudioVersion = 10.0.40219.1
Project("{FAE04EC0-301F-11D3-BF4B-00C04F79EFBC}") = "GenericDoublyLinkedList", "GenericDoublyLinkedList\GenericDoublyLinkedList.csproj", "{CEB37618-D689-432B-AB2F-470A315B944B}"
EndProject
Global
	GlobalSection(SolutionConfigurationPlatforms) = preSolution
		Debug|Any CPU = Debug|Any CPU
		Release|Any CPU = Release|Any CPU
	EndGlobalSection
	GlobalSection(ProjectConfigurationPlatforms) = postSolution
		{CEB37618-D689-432B-AB2F-470A315B944B}.Debug|Any CPU.ActiveCfg = Debug|Any CPU
		{CEB37618-D689-432B-AB2F-470A315B944B}.Debug|Any CPU.Build.0 = Debug|Any CPU
		{CEB37618-D689-432B-AB2F-470A315B944B}.Release|Any CPU.ActiveCfg = Release|Any CPU
		{CEB37618-D689-432B-AB2F-470A315B944B}.Release|Any CPU.Build.0 = Release|Any CPU
	EndGlobalSection
	GlobalSection(SolutionProperties) = preSolution
		HideSolutionNode = FALSE
	EndGlobalSection
EndGlobal
